
Microsoft Visual Studio Solution File, Format Version 12.00
# Visual Studio Version 17
VisualStudioVersion = 17.14.36414.22
MinimumVisualStudioVersion = 10.0.40219.1
Project("{2150E333-8FDC-42A3-9474-1A3956D46DE8}") = "Task0", "Task0", "{02EA681E-C7D8-13C7-8484-4AC65E1B71E8}"
EndProject
Project("{FAE04EC0-301F-11D3-BF4B-00C04F79EFBC}") = "Tyuiu.KovalenkoMA.Sprint0.Task0.V0", "Tyuiu.KovalenkoMA.Sprint0.Task0.V0\Tyuiu.KovalenkoMA.Sprint0.Task0.V0.csproj", "{926EA90D-FDAD-4AA0-8E2C-121D15532D82}"
EndProject
Project("{2150E333-8FDC-42A3-9474-1A3956D46DE8}") = "Task1", "Task1", "{5275FEE6-64F6-452D-B1E2-DDB9D0E5DC47}"
EndProject
Project("{FAE04EC0-301F-11D3-BF4B-00C04F79EFBC}") = "Tyuiu.KovalenkoMA.Sprint0.Task1.V0", "Tyuiu.KovalenkoMA.Sprint0.Task1.V0\Tyuiu.KovalenkoMA.Sprint0.Task1.V0.csproj", "{AF38DC7E-57F7-4573-880A-9634C4962AC4}"
EndProject
Project("{2150E333-8FDC-42A3-9474-1A3956D46DE8}") = "Task2", "Task2", "{2E39EE13-66ED-4A02-AAFF-7BE25BDF509A}"
EndProject
Project("{FAE04EC0-301F-11D3-BF4B-00C04F79EFBC}") = "Tyuiu.KovalenkoMA.Sprint0.Task2.V0", "Tyuiu.KovalenkoMA.Sprint0.Task2.V0\Tyuiu.KovalenkoMA.Sprint0.Task2.V0.csproj", "{CF4E3392-7DF5-4789-8203-AFBDBDB77478}"
EndProject
Project("{FAE04EC0-301F-11D3-BF4B-00C04F79EFBC}") = "Tyuiu.KovalenkoMA.Sprint0.Task2.V0.Lib", "Tyuiu.KovalenkoMA.Sprint0\Tyuiu.KovalenkoMA.Sprint0.Task2.V0.Lib.csproj", "{F86A3A75-3D1B-4153-828C-37B1D7EE6F8E}"
EndProject
Project("{FAE04EC0-301F-11D3-BF4B-00C04F79EFBC}") = "Tyuiu.KovalenkoMA.Sprint0.Task2.V0.Test", "Tyuiu.KovalenkoMA.Sprint0.Task2.V0.Test\Tyuiu.KovalenkoMA.Sprint0.Task2.V0.Test.csproj", "{4D1739DE-B776-41CD-8484-BD9763E48DFC}"
EndProject
Project("{2150E333-8FDC-42A3-9474-1A3956D46DE8}") = "Task3", "Task3", "{4C3B6B43-CC03-4F01-A36D-5E3063A5740B}"
EndProject
Project("{FAE04EC0-301F-11D3-BF4B-00C04F79EFBC}") = "Tyuiu.KovalenkoMA.Sprint0.Task3.V0.Test", "Tyuiu.KovalenkoMA.Sprint0.Task3.V0.Test\Tyuiu.KovalenkoMA.Sprint0.Task3.V0.Test.csproj", "{E1BC89ED-A7CA-4357-AABE-D585214AAFC0}"
EndProject
Project("{FAE04EC0-301F-11D3-BF4B-00C04F79EFBC}") = "Tyuiu.KovalenkoMA.Sprint0.Task3.V0.Lib", "Tyuiu.KovalenkoMA.Sprint0.Task3.V0.Lib\Tyuiu.KovalenkoMA.Sprint0.Task3.V0.Lib.csproj", "{9982E9B3-5124-4613-8BE1-B3F076E566C2}"
EndProject
Project("{FAE04EC0-301F-11D3-BF4B-00C04F79EFBC}") = "Tyuiu.KovalenkoMA.Sprint0.Task3.V0", "Tyuiu.KovalenkoMA.Sprint0.Task3.V0\Tyuiu.KovalenkoMA.Sprint0.Task3.V0.csproj", "{8A3827B8-3D19-4B7E-9E81-8BB255C337A4}"
EndProject
Project("{2150E333-8FDC-42A3-9474-1A3956D46DE8}") = "Task4", "Task4", "{DC0E1DFC-EB07-41E9-8D23-4B5E5AD0804C}"
EndProject
Project("{FAE04EC0-301F-11D3-BF4B-00C04F79EFBC}") = "Tyuiu.KovalenkoMA.Sprint0.Task4.V0", "Tyuiu.KovalenkoMA.Sprint0.Task4.V0\Tyuiu.KovalenkoMA.Sprint0.Task4.V0.csproj", "{A776EC89-D776-4738-A0DC-39B6542A6161}"
EndProject
Project("{FAE04EC0-301F-11D3-BF4B-00C04F79EFBC}") = "Tyuiu.KovalenkoMA.Sprint0.Task4.V0.Lib", "Tyuiu.KovalenkoMA.Sprint0.Task4.V0.Lib\Tyuiu.KovalenkoMA.Sprint0.Task4.V0.Lib.csproj", "{00A82655-88FB-4ECA-9CDB-D9268F02B264}"
EndProject
Project("{FAE04EC0-301F-11D3-BF4B-00C04F79EFBC}") = "Tyuiu.KovalenkoMA.Sprint0.Task4.V0.Test", "Tyuiu.KovalenkoMA.Sprint0.Task4.V0.Test\Tyuiu.KovalenkoMA.Sprint0.Task4.V0.Test.csproj", "{A1473AB6-E3E3-4F12-B235-0D51CB0F4EA5}"
EndProject
Project("{2150E333-8FDC-42A3-9474-1A3956D46DE8}") = "Task5", "Task5", "{EF6E39B8-8183-401D-B841-1A19340028A3}"
EndProject
Project("{FAE04EC0-301F-11D3-BF4B-00C04F79EFBC}") = "Tyuiu.KovalenkoMA.Sprint0.Task5.V0.Test", "Tyuiu.KovalenkoMA.Sprint0.Task5.V0.Test\Tyuiu.KovalenkoMA.Sprint0.Task5.V0.Test.csproj", "{D48D39DB-BFFC-4B2B-AC0E-1F4EE7AF86F3}"
EndProject
Project("{FAE04EC0-301F-11D3-BF4B-00C04F79EFBC}") = "Tyuiu.KovalenkoMA.Sprint0.Task5.V0.Lib", "Tyuiu.KovalenkoMA.Sprint0.Task5.V0.Lib\Tyuiu.KovalenkoMA.Sprint0.Task5.V0.Lib.csproj", "{648A4177-487C-49EF-870A-7822988773DB}"
EndProject
Project("{FAE04EC0-301F-11D3-BF4B-00C04F79EFBC}") = "Tyuiu.KovalenkoMA.Sprint0.Task5.V0", "Tyuiu.KovalenkoMA.Sprint0.Task5.V0\Tyuiu.KovalenkoMA.Sprint0.Task5.V0.csproj", "{5C4238F9-21F9-4045-BDE9-8D60A6D23DB6}"
EndProject
Global
	GlobalSection(SolutionConfigurationPlatforms) = preSolution
		Debug|Any CPU = Debug|Any CPU
		Release|Any CPU = Release|Any CPU
	EndGlobalSection
	GlobalSection(ProjectConfigurationPlatforms) = postSolution
		{926EA90D-FDAD-4AA0-8E2C-121D15532D82}.Debug|Any CPU.ActiveCfg = Debug|Any CPU
		{926EA90D-FDAD-4AA0-8E2C-121D15532D82}.Debug|Any CPU.Build.0 = Debug|Any CPU
		{926EA90D-FDAD-4AA0-8E2C-121D15532D82}.Release|Any CPU.ActiveCfg = Release|Any CPU
		{926EA90D-FDAD-4AA0-8E2C-121D15532D82}.Release|Any CPU.Build.0 = Release|Any CPU
		{AF38DC7E-57F7-4573-880A-9634C4962AC4}.Debug|Any CPU.ActiveCfg = Debug|Any CPU
		{AF38DC7E-57F7-4573-880A-9634C4962AC4}.Debug|Any CPU.Build.0 = Debug|Any CPU
		{AF38DC7E-57F7-4573-880A-9634C4962AC4}.Release|Any CPU.ActiveCfg = Release|Any CPU
		{AF38DC7E-57F7-4573-880A-9634C4962AC4}.Release|Any CPU.Build.0 = Release|Any CPU
		{CF4E3392-7DF5-4789-8203-AFBDBDB77478}.Debug|Any CPU.ActiveCfg = Debug|Any CPU
		{CF4E3392-7DF5-4789-8203-AFBDBDB77478}.Debug|Any CPU.Build.0 = Debug|Any CPU
		{CF4E3392-7DF5-4789-8203-AFBDBDB77478}.Release|Any CPU.ActiveCfg = Release|Any CPU
		{CF4E3392-7DF5-4789-8203-AFBDBDB77478}.Release|Any CPU.Build.0 = Release|Any CPU
		{F86A3A75-3D1B-4153-828C-37B1D7EE6F8E}.Debug|Any CPU.ActiveCfg = Debug|Any CPU
		{F86A3A75-3D1B-4153-828C-37B1D7EE6F8E}.Debug|Any CPU.Build.0 = Debug|Any CPU
		{F86A3A75-3D1B-4153-828C-37B1D7EE6F8E}.Release|Any CPU.ActiveCfg = Release|Any CPU
		{F86A3A75-3D1B-4153-828C-37B1D7EE6F8E}.Release|Any CPU.Build.0 = Release|Any CPU
		{4D1739DE-B776-41CD-8484-BD9763E48DFC}.Debug|Any CPU.ActiveCfg = Debug|Any CPU
		{4D1739DE-B776-41CD-8484-BD9763E48DFC}.Debug|Any CPU.Build.0 = Debug|Any CPU
		{4D1739DE-B776-41CD-8484-BD9763E48DFC}.Release|Any CPU.ActiveCfg = Release|Any CPU
		{4D1739DE-B776-41CD-8484-BD9763E48DFC}.Release|Any CPU.Build.0 = Release|Any CPU
		{E1BC89ED-A7CA-4357-AABE-D585214AAFC0}.Debug|Any CPU.ActiveCfg = Debug|Any CPU
		{E1BC89ED-A7CA-4357-AABE-D585214AAFC0}.Debug|Any CPU.Build.0 = Debug|Any CPU
		{E1BC89ED-A7CA-4357-AABE-D585214AAFC0}.Release|Any CPU.ActiveCfg = Release|Any CPU
		{E1BC89ED-A7CA-4357-AABE-D585214AAFC0}.Release|Any CPU.Build.0 = Release|Any CPU
		{9982E9B3-5124-4613-8BE1-B3F076E566C2}.Debug|Any CPU.ActiveCfg = Debug|Any CPU
		{9982E9B3-5124-4613-8BE1-B3F076E566C2}.Debug|Any CPU.Build.0 = Debug|Any CPU
		{9982E9B3-5124-4613-8BE1-B3F076E566C2}.Release|Any CPU.ActiveCfg = Release|Any CPU
		{9982E9B3-5124-4613-8BE1-B3F076E566C2}.Release|Any CPU.Build.0 = Release|Any CPU
		{8A3827B8-3D19-4B7E-9E81-8BB255C337A4}.Debug|Any CPU.ActiveCfg = Debug|Any CPU
		{8A3827B8-3D19-4B7E-9E81-8BB255C337A4}.Debug|Any CPU.Build.0 = Debug|Any CPU
		{8A3827B8-3D19-4B7E-9E81-8BB255C337A4}.Release|Any CPU.ActiveCfg = Release|Any CPU
		{8A3827B8-3D19-4B7E-9E81-8BB255C337A4}.Release|Any CPU.Build.0 = Release|Any CPU
		{A776EC89-D776-4738-A0DC-39B6542A6161}.Debug|Any CPU.ActiveCfg = Debug|Any CPU
		{A776EC89-D776-4738-A0DC-39B6542A6161}.Debug|Any CPU.Build.0 = Debug|Any CPU
		{A776EC89-D776-4738-A0DC-39B6542A6161}.Release|Any CPU.ActiveCfg = Release|Any CPU
		{A776EC89-D776-4738-A0DC-39B6542A6161}.Release|Any CPU.Build.0 = Release|Any CPU
		{00A82655-88FB-4ECA-9CDB-D9268F02B264}.Debug|Any CPU.ActiveCfg = Debug|Any CPU
		{00A82655-88FB-4ECA-9CDB-D9268F02B264}.Debug|Any CPU.Build.0 = Debug|Any CPU
		{00A82655-88FB-4ECA-9CDB-D9268F02B264}.Release|Any CPU.ActiveCfg = Release|Any CPU
		{00A82655-88FB-4ECA-9CDB-D9268F02B264}.Release|Any CPU.Build.0 = Release|Any CPU
		{A1473AB6-E3E3-4F12-B235-0D51CB0F4EA5}.Debug|Any CPU.ActiveCfg = Debug|Any CPU
		{A1473AB6-E3E3-4F12-B235-0D51CB0F4EA5}.Debug|Any CPU.Build.0 = Debug|Any CPU
		{A1473AB6-E3E3-4F12-B235-0D51CB0F4EA5}.Release|Any CPU.ActiveCfg = Release|Any CPU
		{A1473AB6-E3E3-4F12-B235-0D51CB0F4EA5}.Release|Any CPU.Build.0 = Release|Any CPU
		{D48D39DB-BFFC-4B2B-AC0E-1F4EE7AF86F3}.Debug|Any CPU.ActiveCfg = Debug|Any CPU
		{D48D39DB-BFFC-4B2B-AC0E-1F4EE7AF86F3}.Debug|Any CPU.Build.0 = Debug|Any CPU
		{D48D39DB-BFFC-4B2B-AC0E-1F4EE7AF86F3}.Release|Any CPU.ActiveCfg = Release|Any CPU
		{D48D39DB-BFFC-4B2B-AC0E-1F4EE7AF86F3}.Release|Any CPU.Build.0 = Release|Any CPU
		{648A4177-487C-49EF-870A-7822988773DB}.Debug|Any CPU.ActiveCfg = Debug|Any CPU
		{648A4177-487C-49EF-870A-7822988773DB}.Debug|Any CPU.Build.0 = Debug|Any CPU
		{648A4177-487C-49EF-870A-7822988773DB}.Release|Any CPU.ActiveCfg = Release|Any CPU
		{648A4177-487C-49EF-870A-7822988773DB}.Release|Any CPU.Build.0 = Release|Any CPU
		{5C4238F9-21F9-4045-BDE9-8D60A6D23DB6}.Debug|Any CPU.ActiveCfg = Debug|Any CPU
		{5C4238F9-21F9-4045-BDE9-8D60A6D23DB6}.Debug|Any CPU.Build.0 = Debug|Any CPU
		{5C4238F9-21F9-4045-BDE9-8D60A6D23DB6}.Release|Any CPU.ActiveCfg = Release|Any CPU
		{5C4238F9-21F9-4045-BDE9-8D60A6D23DB6}.Release|Any CPU.Build.0 = Release|Any CPU
	EndGlobalSection
	GlobalSection(SolutionProperties) = preSolution
		HideSolutionNode = FALSE
	EndGlobalSection
	GlobalSection(NestedProjects) = preSolution
		{926EA90D-FDAD-4AA0-8E2C-121D15532D82} = {02EA681E-C7D8-13C7-8484-4AC65E1B71E8}
		{AF38DC7E-57F7-4573-880A-9634C4962AC4} = {5275FEE6-64F6-452D-B1E2-DDB9D0E5DC47}
		{CF4E3392-7DF5-4789-8203-AFBDBDB77478} = {2E39EE13-66ED-4A02-AAFF-7BE25BDF509A}
		{F86A3A75-3D1B-4153-828C-37B1D7EE6F8E} = {2E39EE13-66ED-4A02-AAFF-7BE25BDF509A}
		{4D1739DE-B776-41CD-8484-BD9763E48DFC} = {2E39EE13-66ED-4A02-AAFF-7BE25BDF509A}
		{E1BC89ED-A7CA-4357-AABE-D585214AAFC0} = {4C3B6B43-CC03-4F01-A36D-5E3063A5740B}
		{9982E9B3-5124-4613-8BE1-B3F076E566C2} = {4C3B6B43-CC03-4F01-A36D-5E3063A5740B}
		{8A3827B8-3D19-4B7E-9E81-8BB255C337A4} = {4C3B6B43-CC03-4F01-A36D-5E3063A5740B}
		{A776EC89-D776-4738-A0DC-39B6542A6161} = {DC0E1DFC-EB07-41E9-8D23-4B5E5AD0804C}
		{00A82655-88FB-4ECA-9CDB-D9268F02B264} = {DC0E1DFC-EB07-41E9-8D23-4B5E5AD0804C}
		{A1473AB6-E3E3-4F12-B235-0D51CB0F4EA5} = {DC0E1DFC-EB07-41E9-8D23-4B5E5AD0804C}
		{D48D39DB-BFFC-4B2B-AC0E-1F4EE7AF86F3} = {EF6E39B8-8183-401D-B841-1A19340028A3}
		{648A4177-487C-49EF-870A-7822988773DB} = {EF6E39B8-8183-401D-B841-1A19340028A3}
		{5C4238F9-21F9-4045-BDE9-8D60A6D23DB6} = {EF6E39B8-8183-401D-B841-1A19340028A3}
	EndGlobalSection
	GlobalSection(ExtensibilityGlobals) = postSolution
		SolutionGuid = {A2A949D0-3FEB-42C7-90F0-FFACB6D462A2}
	EndGlobalSection
EndGlobal
